
Microsoft Visual Studio Solution File, Format Version 12.00
# Visual Studio 15
VisualStudioVersion = 15.0.26730.12
MinimumVisualStudioVersion = 10.0.40219.1
Project("{FAE04EC0-301F-11D3-BF4B-00C04F79EFBC}") = "test_app", "test_app.csproj", "{20C6ACF9-8060-4561-8B1A-DAB43852ADC3}"
EndProject
Project("{FAE04EC0-301F-11D3-BF4B-00C04F79EFBC}") = "Sistema.Generales", "Sistema.Generales\Sistema.Generales.csproj", "{9EC67628-2D27-4A0F-ADDB-7AEE817639A1}"
EndProject
Project("{FAE04EC0-301F-11D3-BF4B-00C04F79EFBC}") = "Sistema.DataModel", "Sistema.DataModel\Sistema.DataModel.csproj", "{4B715EB7-F319-4FCE-AB01-289E7F6D82CF}"
EndProject
Project("{FAE04EC0-301F-11D3-BF4B-00C04F79EFBC}") = "CopyFiles", "CopyFiles\CopyFiles.csproj", "{15122B10-AB69-4AD5-84C4-DB8A3D3F0227}"
EndProject
Global
	GlobalSection(SolutionConfigurationPlatforms) = preSolution
		Debug|Any CPU = Debug|Any CPU
		Release|Any CPU = Release|Any CPU
	EndGlobalSection
	GlobalSection(ProjectConfigurationPlatforms) = postSolution
		{20C6ACF9-8060-4561-8B1A-DAB43852ADC3}.Debug|Any CPU.ActiveCfg = Debug|Any CPU
		{20C6ACF9-8060-4561-8B1A-DAB43852ADC3}.Debug|Any CPU.Build.0 = Debug|Any CPU
		{20C6ACF9-8060-4561-8B1A-DAB43852ADC3}.Release|Any CPU.ActiveCfg = Release|Any CPU
		{20C6ACF9-8060-4561-8B1A-DAB43852ADC3}.Release|Any CPU.Build.0 = Release|Any CPU
		{9EC67628-2D27-4A0F-ADDB-7AEE817639A1}.Debug|Any CPU.ActiveCfg = Debug|Any CPU
		{9EC67628-2D27-4A0F-ADDB-7AEE817639A1}.Debug|Any CPU.Build.0 = Debug|Any CPU
		{9EC67628-2D27-4A0F-ADDB-7AEE817639A1}.Release|Any CPU.ActiveCfg = Release|Any CPU
		{9EC67628-2D27-4A0F-ADDB-7AEE817639A1}.Release|Any CPU.Build.0 = Release|Any CPU
		{4B715EB7-F319-4FCE-AB01-289E7F6D82CF}.Debug|Any CPU.ActiveCfg = Debug|Any CPU
		{4B715EB7-F319-4FCE-AB01-289E7F6D82CF}.Debug|Any CPU.Build.0 = Debug|Any CPU
		{4B715EB7-F319-4FCE-AB01-289E7F6D82CF}.Release|Any CPU.ActiveCfg = Release|Any CPU
		{4B715EB7-F319-4FCE-AB01-289E7F6D82CF}.Release|Any CPU.Build.0 = Release|Any CPU
		{15122B10-AB69-4AD5-84C4-DB8A3D3F0227}.Debug|Any CPU.ActiveCfg = Debug|Any CPU
		{15122B10-AB69-4AD5-84C4-DB8A3D3F0227}.Debug|Any CPU.Build.0 = Debug|Any CPU
		{15122B10-AB69-4AD5-84C4-DB8A3D3F0227}.Release|Any CPU.ActiveCfg = Release|Any CPU
		{15122B10-AB69-4AD5-84C4-DB8A3D3F0227}.Release|Any CPU.Build.0 = Release|Any CPU
	EndGlobalSection
	GlobalSection(SolutionProperties) = preSolution
		HideSolutionNode = FALSE
	EndGlobalSection
	GlobalSection(ExtensibilityGlobals) = postSolution
		SolutionGuid = {C8720190-5C6C-4AC0-82B6-C489CBB1BC29}
	EndGlobalSection
EndGlobal
